{
  "lockfile_version": "1",
  "packages": {
    "maven@3.9.6": {
      "last_modified": "2024-05-01T20:12:28Z",
      "resolved": "github:NixOS/nixpkgs/1c74cc292b61614e74c1cf0d372f79d57fb4936b#maven",
      "source": "devbox-search",
      "version": "3.9.6",
      "systems": {
        "aarch64-darwin": {
          "outputs": [
            {
              "name": "out",
              "path": "/nix/store/1nrwl58bjv5ayy1vh8n0dhrgl0yg60hs-apache-maven-3.9.6",
              "default": true
            }
          ],
          "store_path": "/nix/store/1nrwl58bjv5ayy1vh8n0dhrgl0yg60hs-apache-maven-3.9.6"
        },
        "aarch64-linux": {
          "outputs": [
            {
              "name": "out",
              "path": "/nix/store/naynqwnc32z7r5mi358v6x2ifr2jh05b-apache-maven-3.9.6",
              "default": true
            }
          ],
          "store_path": "/nix/store/naynqwnc32z7r5mi358v6x2ifr2jh05b-apache-maven-3.9.6"
        },
        "x86_64-darwin": {
          "outputs": [
            {
              "name": "out",
              "path": "/nix/store/n8avzq432b8fb9z29jg0vbsrwdvxw6hs-apache-maven-3.9.6",
              "default": true
            }
          ],
          "store_path": "/nix/store/n8avzq432b8fb9z29jg0vbsrwdvxw6hs-apache-maven-3.9.6"
        },
        "x86_64-linux": {
          "outputs": [
            {
              "name": "out",
              "path": "/nix/store/kqmr4lsagk230jhhq5l66b4clffvgybq-apache-maven-3.9.6",
              "default": true
            }
          ],
          "store_path": "/nix/store/kqmr4lsagk230jhhq5l66b4clffvgybq-apache-maven-3.9.6"
        }
      }
    }
  }
}
